
Microsoft Visual Studio Solution File, Format Version 12.00
# Visual Studio Version 17
VisualStudioVersion = 17.5.002.0
MinimumVisualStudioVersion = 10.0.40219.1
Project("{9A19103F-16F7-4668-BE54-9A1E7A4F7556}") = "Dicionario", "Dicionario.csproj", "{C45629F4-96DB-440D-841C-A062F09063A6}"
EndProject
Global
	GlobalSection(SolutionConfigurationPlatforms) = preSolution
		Debug|Any CPU = Debug|Any CPU
		Release|Any CPU = Release|Any CPU
	EndGlobalSection
	GlobalSection(ProjectConfigurationPlatforms) = postSolution
		{C45629F4-96DB-440D-841C-A062F09063A6}.Debug|Any CPU.ActiveCfg = Debug|Any CPU
		{C45629F4-96DB-440D-841C-A062F09063A6}.Debug|Any CPU.Build.0 = Debug|Any CPU
		{C45629F4-96DB-440D-841C-A062F09063A6}.Release|Any CPU.ActiveCfg = Release|Any CPU
		{C45629F4-96DB-440D-841C-A062F09063A6}.Release|Any CPU.Build.0 = Release|Any CPU
	EndGlobalSection
	GlobalSection(SolutionProperties) = preSolution
		HideSolutionNode = FALSE
	EndGlobalSection
	GlobalSection(ExtensibilityGlobals) = postSolution
		SolutionGuid = {C0B1F077-B26C-4413-9A92-5CE03470647C}
	EndGlobalSection
EndGlobal
