
Microsoft Visual Studio Solution File, Format Version 12.00
# Visual Studio Version 17
VisualStudioVersion = 17.5.002.0
MinimumVisualStudioVersion = 10.0.40219.1
Project("{9A19103F-16F7-4668-BE54-9A1E7A4F7556}") = "Arvore_De_busca", "Arvore_De_busca.csproj", "{270131CA-D588-461E-9B53-9B3870132D4A}"
EndProject
Global
	GlobalSection(SolutionConfigurationPlatforms) = preSolution
		Debug|Any CPU = Debug|Any CPU
		Release|Any CPU = Release|Any CPU
	EndGlobalSection
	GlobalSection(ProjectConfigurationPlatforms) = postSolution
		{270131CA-D588-461E-9B53-9B3870132D4A}.Debug|Any CPU.ActiveCfg = Debug|Any CPU
		{270131CA-D588-461E-9B53-9B3870132D4A}.Debug|Any CPU.Build.0 = Debug|Any CPU
		{270131CA-D588-461E-9B53-9B3870132D4A}.Release|Any CPU.ActiveCfg = Release|Any CPU
		{270131CA-D588-461E-9B53-9B3870132D4A}.Release|Any CPU.Build.0 = Release|Any CPU
	EndGlobalSection
	GlobalSection(SolutionProperties) = preSolution
		HideSolutionNode = FALSE
	EndGlobalSection
	GlobalSection(ExtensibilityGlobals) = postSolution
		SolutionGuid = {39D4D3C6-90C5-48E9-A55A-ABFA45A8A58B}
	EndGlobalSection
EndGlobal
