
Microsoft Visual Studio Solution File, Format Version 12.00
# Visual Studio Version 17
VisualStudioVersion = 17.5.002.0
MinimumVisualStudioVersion = 10.0.40219.1
Project("{9A19103F-16F7-4668-BE54-9A1E7A4F7556}") = "Fila", "Fila.csproj", "{B66A0AED-E801-434A-A1DE-13DFA0F2BF4B}"
EndProject
Global
	GlobalSection(SolutionConfigurationPlatforms) = preSolution
		Debug|Any CPU = Debug|Any CPU
		Release|Any CPU = Release|Any CPU
	EndGlobalSection
	GlobalSection(ProjectConfigurationPlatforms) = postSolution
		{B66A0AED-E801-434A-A1DE-13DFA0F2BF4B}.Debug|Any CPU.ActiveCfg = Debug|Any CPU
		{B66A0AED-E801-434A-A1DE-13DFA0F2BF4B}.Debug|Any CPU.Build.0 = Debug|Any CPU
		{B66A0AED-E801-434A-A1DE-13DFA0F2BF4B}.Release|Any CPU.ActiveCfg = Release|Any CPU
		{B66A0AED-E801-434A-A1DE-13DFA0F2BF4B}.Release|Any CPU.Build.0 = Release|Any CPU
	EndGlobalSection
	GlobalSection(SolutionProperties) = preSolution
		HideSolutionNode = FALSE
	EndGlobalSection
	GlobalSection(ExtensibilityGlobals) = postSolution
		SolutionGuid = {C1F11959-E8DE-45D7-A0FC-2E28D783609C}
	EndGlobalSection
EndGlobal
