
Microsoft Visual Studio Solution File, Format Version 12.00
# Visual Studio Version 17
VisualStudioVersion = 17.5.002.0
MinimumVisualStudioVersion = 10.0.40219.1
Project("{9A19103F-16F7-4668-BE54-9A1E7A4F7556}") = "Stuture", "Stuture.csproj", "{4F4F2593-AC6C-4FE6-911A-70F22DB7E547}"
EndProject
Global
	GlobalSection(SolutionConfigurationPlatforms) = preSolution
		Debug|Any CPU = Debug|Any CPU
		Release|Any CPU = Release|Any CPU
	EndGlobalSection
	GlobalSection(ProjectConfigurationPlatforms) = postSolution
		{4F4F2593-AC6C-4FE6-911A-70F22DB7E547}.Debug|Any CPU.ActiveCfg = Debug|Any CPU
		{4F4F2593-AC6C-4FE6-911A-70F22DB7E547}.Debug|Any CPU.Build.0 = Debug|Any CPU
		{4F4F2593-AC6C-4FE6-911A-70F22DB7E547}.Release|Any CPU.ActiveCfg = Release|Any CPU
		{4F4F2593-AC6C-4FE6-911A-70F22DB7E547}.Release|Any CPU.Build.0 = Release|Any CPU
	EndGlobalSection
	GlobalSection(SolutionProperties) = preSolution
		HideSolutionNode = FALSE
	EndGlobalSection
	GlobalSection(ExtensibilityGlobals) = postSolution
		SolutionGuid = {3DDE529A-2611-4FAF-96C9-5F60454B9C61}
	EndGlobalSection
EndGlobal
